
Microsoft Visual Studio Solution File, Format Version 12.00
# Visual Studio Version 16
VisualStudioVersion = 16.0.29102.190
MinimumVisualStudioVersion = 10.0.40219.1
Project("{9A19103F-16F7-4668-BE54-9A1E7A4F7556}") = "Modelo", "Modelo\Modelo.csproj", "{A001A75F-8171-403B-B6B9-05795138C671}"
EndProject
Project("{FAE04EC0-301F-11D3-BF4B-00C04F79EFBC}") = "Vista", "Vista\Vista.csproj", "{CB30E941-7758-4C81-82A0-3B55CBA667C9}"
EndProject
Global
	GlobalSection(SolutionConfigurationPlatforms) = preSolution
		Debug|Any CPU = Debug|Any CPU
		Release|Any CPU = Release|Any CPU
	EndGlobalSection
	GlobalSection(ProjectConfigurationPlatforms) = postSolution
		{A001A75F-8171-403B-B6B9-05795138C671}.Debug|Any CPU.ActiveCfg = Debug|Any CPU
		{A001A75F-8171-403B-B6B9-05795138C671}.Debug|Any CPU.Build.0 = Debug|Any CPU
		{A001A75F-8171-403B-B6B9-05795138C671}.Release|Any CPU.ActiveCfg = Release|Any CPU
		{A001A75F-8171-403B-B6B9-05795138C671}.Release|Any CPU.Build.0 = Release|Any CPU
		{CB30E941-7758-4C81-82A0-3B55CBA667C9}.Debug|Any CPU.ActiveCfg = Debug|Any CPU
		{CB30E941-7758-4C81-82A0-3B55CBA667C9}.Debug|Any CPU.Build.0 = Debug|Any CPU
		{CB30E941-7758-4C81-82A0-3B55CBA667C9}.Release|Any CPU.ActiveCfg = Release|Any CPU
		{CB30E941-7758-4C81-82A0-3B55CBA667C9}.Release|Any CPU.Build.0 = Release|Any CPU
	EndGlobalSection
	GlobalSection(SolutionProperties) = preSolution
		HideSolutionNode = FALSE
	EndGlobalSection
	GlobalSection(ExtensibilityGlobals) = postSolution
		SolutionGuid = {D3F070C3-B936-453E-AB9C-E0FB6DBFFEA5}
	EndGlobalSection
EndGlobal
